// !$*UTF8*$!
{
	archiveVersion = 1;
	classes = {
	};
	objectVersion = 46;
	objects = {

/* Begin PBXBuildFile section */
		4F01A1961CF2EE7B004A7AAA /* RCTFXBlurView.h in CopyFiles */ = {isa = PBXBuildFile; fileRef = 4F01A1951CF2EE7B004A7AAA /* RCTFXBlurView.h */; };
		4F01A1981CF2EE7B004A7AAA /* RCTFXBlurView.m in Sources */ = {isa = PBXBuildFile; fileRef = 4F01A1971CF2EE7B004A7AAA /* RCTFXBlurView.m */; };
		4F01A1A11CF2EEBF004A7AAA /* FXBlurView.m in Sources */ = {isa = PBXBuildFile; fileRef = 4F01A1A01CF2EEBF004A7AAA /* FXBlurView.m */; };
		4F01A1A31CF2EFCD004A7AAA /* Accelerate.framework in Frameworks */ = {isa = PBXBuildFile; fileRef = 4F01A1A21CF2EFCD004A7AAA /* Accelerate.framework */; };
		4F01A1A51CF2EFD4004A7AAA /* QuartzCore.framework in Frameworks */ = {isa = PBXBuildFile; fileRef = 4F01A1A41CF2EFD4004A7AAA /* QuartzCore.framework */; };
		4F01A1D61CF2F374004A7AAA /* RCTFXBlurViewManager.m in Sources */ = {isa = PBXBuildFile; fileRef = 4F01A1D51CF2F374004A7AAA /* RCTFXBlurViewManager.m */; };
/* End PBXBuildFile section */

/* Begin PBXCopyFilesBuildPhase section */
		4F01A1901CF2EE7B004A7AAA /* CopyFiles */ = {
			isa = PBXCopyFilesBuildPhase;
			buildActionMask = 2147483647;
			dstPath = "include/$(PRODUCT_NAME)";
			dstSubfolderSpec = 16;
			files = (
				4F01A1961CF2EE7B004A7AAA /* RCTFXBlurView.h in CopyFiles */,
			);
			runOnlyForDeploymentPostprocessing = 0;
		};
/* End PBXCopyFilesBuildPhase section */

/* Begin PBXFileReference section */
		4F01A1921CF2EE7B004A7AAA /* libRCTFXBlurView.a */ = {isa = PBXFileReference; explicitFileType = archive.ar; includeInIndex = 0; path = libRCTFXBlurView.a; sourceTree = BUILT_PRODUCTS_DIR; };
		4F01A1951CF2EE7B004A7AAA /* RCTFXBlurView.h */ = {isa = PBXFileReference; lastKnownFileType = sourcecode.c.h; path = RCTFXBlurView.h; sourceTree = "<group>"; };
		4F01A1971CF2EE7B004A7AAA /* RCTFXBlurView.m */ = {isa = PBXFileReference; lastKnownFileType = sourcecode.c.objc; path = RCTFXBlurView.m; sourceTree = "<group>"; };
		4F01A19F1CF2EEBF004A7AAA /* FXBlurView.h */ = {isa = PBXFileReference; fileEncoding = 4; lastKnownFileType = sourcecode.c.h; name = FXBlurView.h; path = FXBlurView/FXBlurView/FXBlurView.h; sourceTree = "<group>"; };
		4F01A1A01CF2EEBF004A7AAA /* FXBlurView.m */ = {isa = PBXFileReference; fileEncoding = 4; lastKnownFileType = sourcecode.c.objc; name = FXBlurView.m; path = FXBlurView/FXBlurView/FXBlurView.m; sourceTree = "<group>"; };
		4F01A1A21CF2EFCD004A7AAA /* Accelerate.framework */ = {isa = PBXFileReference; lastKnownFileType = wrapper.framework; name = Accelerate.framework; path = System/Library/Frameworks/Accelerate.framework; sourceTree = SDKROOT; };
		4F01A1A41CF2EFD4004A7AAA /* QuartzCore.framework */ = {isa = PBXFileReference; lastKnownFileType = wrapper.framework; name = QuartzCore.framework; path = System/Library/Frameworks/QuartzCore.framework; sourceTree = SDKROOT; };
		4F01A1D41CF2F374004A7AAA /* RCTFXBlurViewManager.h */ = {isa = PBXFileReference; fileEncoding = 4; lastKnownFileType = sourcecode.c.h; path = RCTFXBlurViewManager.h; sourceTree = "<group>"; };
		4F01A1D51CF2F374004A7AAA /* RCTFXBlurViewManager.m */ = {isa = PBXFileReference; fileEncoding = 4; lastKnownFileType = sourcecode.c.objc; path = RCTFXBlurViewManager.m; sourceTree = "<group>"; };
/* End PBXFileReference section */

/* Begin PBXFrameworksBuildPhase section */
		4F01A18F1CF2EE7B004A7AAA /* Frameworks */ = {
			isa = PBXFrameworksBuildPhase;
			buildActionMask = 2147483647;
			files = (
				4F01A1A51CF2EFD4004A7AAA /* QuartzCore.framework in Frameworks */,
				4F01A1A31CF2EFCD004A7AAA /* Accelerate.framework in Frameworks */,
			);
			runOnlyForDeploymentPostprocessing = 0;
		};
/* End PBXFrameworksBuildPhase section */

/* Begin PBXGroup section */
		4F01A1891CF2EE7B004A7AAA = {
			isa = PBXGroup;
			children = (
				4F01A1A41CF2EFD4004A7AAA /* QuartzCore.framework */,
				4F01A1A21CF2EFCD004A7AAA /* Accelerate.framework */,
				4F01A19E1CF2EEAE004A7AAA /* FXBlurView */,
				4F01A1941CF2EE7B004A7AAA /* RCTFXBlurView */,
				4F01A1931CF2EE7B004A7AAA /* Products */,
			);
			sourceTree = "<group>";
		};
		4F01A1931CF2EE7B004A7AAA /* Products */ = {
			isa = PBXGroup;
			children = (
				4F01A1921CF2EE7B004A7AAA /* libRCTFXBlurView.a */,
			);
			name = Products;
			sourceTree = "<group>";
		};
		4F01A1941CF2EE7B004A7AAA /* RCTFXBlurView */ = {
			isa = PBXGroup;
			children = (
				4F01A1D41CF2F374004A7AAA /* RCTFXBlurViewManager.h */,
				4F01A1D51CF2F374004A7AAA /* RCTFXBlurViewManager.m */,
				4F01A1951CF2EE7B004A7AAA /* RCTFXBlurView.h */,
				4F01A1971CF2EE7B004A7AAA /* RCTFXBlurView.m */,
			);
			path = RCTFXBlurView;
			sourceTree = "<group>";
		};
		4F01A19E1CF2EEAE004A7AAA /* FXBlurView */ = {
			isa = PBXGroup;
			children = (
				4F01A19F1CF2EEBF004A7AAA /* FXBlurView.h */,
				4F01A1A01CF2EEBF004A7AAA /* FXBlurView.m */,
			);
			name = FXBlurView;
			sourceTree = "<group>";
		};
/* End PBXGroup section */

/* Begin PBXNativeTarget section */
		4F01A1911CF2EE7B004A7AAA /* RCTFXBlurView */ = {
			isa = PBXNativeTarget;
			buildConfigurationList = 4F01A19B1CF2EE7B004A7AAA /* Build configuration list for PBXNativeTarget "RCTFXBlurView" */;
			buildPhases = (
				4F01A18E1CF2EE7B004A7AAA /* Sources */,
				4F01A18F1CF2EE7B004A7AAA /* Frameworks */,
				4F01A1901CF2EE7B004A7AAA /* CopyFiles */,
			);
			buildRules = (
			);
			dependencies = (
			);
			name = RCTFXBlurView;
			productName = RCTFXBlurView;
			productReference = 4F01A1921CF2EE7B004A7AAA /* libRCTFXBlurView.a */;
			productType = "com.apple.product-type.library.static";
		};
/* End PBXNativeTarget section */

/* Begin PBXProject section */
		4F01A18A1CF2EE7B004A7AAA /* Project object */ = {
			isa = PBXProject;
			attributes = {
				LastUpgradeCheck = 0730;
				ORGANIZATIONNAME = magus;
				TargetAttributes = {
					4F01A1911CF2EE7B004A7AAA = {
						CreatedOnToolsVersion = 7.3.1;
					};
				};
			};
			buildConfigurationList = 4F01A18D1CF2EE7B004A7AAA /* Build configuration list for PBXProject "RCTFXBlurView" */;
			compatibilityVersion = "Xcode 3.2";
			developmentRegion = English;
			hasScannedForEncodings = 0;
			knownRegions = (
				en,
			);
			mainGroup = 4F01A1891CF2EE7B004A7AAA;
			productRefGroup = 4F01A1931CF2EE7B004A7AAA /* Products */;
			projectDirPath = "";
			projectRoot = "";
			targets = (
				4F01A1911CF2EE7B004A7AAA /* RCTFXBlurView */,
			);
		};
/* End PBXProject section */

/* Begin PBXSourcesBuildPhase section */
		4F01A18E1CF2EE7B004A7AAA /* Sources */ = {
			isa = PBXSourcesBuildPhase;
			buildActionMask = 2147483647;
			files = (
				4F01A1981CF2EE7B004A7AAA /* RCTFXBlurView.m in Sources */,
				4F01A1A11CF2EEBF004A7AAA /* FXBlurView.m in Sources */,
				4F01A1D61CF2F374004A7AAA /* RCTFXBlurViewManager.m in Sources */,
			);
			runOnlyForDeploymentPostprocessing = 0;
		};
/* End PBXSourcesBuildPhase section */

/* Begin XCBuildConfiguration section */
		4F01A1991CF2EE7B004A7AAA /* Debug */ = {
			isa = XCBuildConfiguration;
			buildSettings = {
				ALWAYS_SEARCH_USER_PATHS = NO;
				CLANG_ANALYZER_NONNULL = YES;
				CLANG_CXX_LANGUAGE_STANDARD = "gnu++0x";
				CLANG_CXX_LIBRARY = "libc++";
				CLANG_ENABLE_MODULES = YES;
				CLANG_ENABLE_OBJC_ARC = YES;
				CLANG_WARN_BOOL_CONVERSION = YES;
				CLANG_WARN_CONSTANT_CONVERSION = YES;
				CLANG_WARN_DIRECT_OBJC_ISA_USAGE = YES_ERROR;
				CLANG_WARN_EMPTY_BODY = YES;
				CLANG_WARN_ENUM_CONVERSION = YES;
				CLANG_WARN_INT_CONVERSION = YES;
				CLANG_WARN_OBJC_ROOT_CLASS = YES_ERROR;
				CLANG_WARN_UNREACHABLE_CODE = YES;
				CLANG_WARN__DUPLICATE_METHOD_MATCH = YES;
				"CODE_SIGN_IDENTITY[sdk=iphoneos*]" = "iPhone Developer";
				COPY_PHASE_STRIP = NO;
				DEBUG_INFORMATION_FORMAT = dwarf;
				ENABLE_STRICT_OBJC_MSGSEND = YES;
				ENABLE_TESTABILITY = YES;
				GCC_C_LANGUAGE_STANDARD = gnu99;
				GCC_DYNAMIC_NO_PIC = NO;
				GCC_NO_COMMON_BLOCKS = YES;
				GCC_OPTIMIZATION_LEVEL = 0;
				GCC_PREPROCESSOR_DEFINITIONS = (
					"DEBUG=1",
					"$(inherited)",
				);
				GCC_WARN_64_TO_32_BIT_CONVERSION = YES;
				GCC_WARN_ABOUT_RETURN_TYPE = YES_ERROR;
				GCC_WARN_UNDECLARED_SELECTOR = YES;
				GCC_WARN_UNINITIALIZED_AUTOS = YES_AGGRESSIVE;
				GCC_WARN_UNUSED_FUNCTION = YES;
				GCC_WARN_UNUSED_VARIABLE = YES;
				IPHONEOS_DEPLOYMENT_TARGET = 9.3;
				MTL_ENABLE_DEBUG_INFO = YES;
				ONLY_ACTIVE_ARCH = YES;
				SDKROOT = iphoneos;
			};
			name = Debug;
		};
		4F01A19A1CF2EE7B004A7AAA /* Release */ = {
			isa = XCBuildConfiguration;
			buildSettings = {
				ALWAYS_SEARCH_USER_PATHS = NO;
				CLANG_ANALYZER_NONNULL = YES;
				CLANG_CXX_LANGUAGE_STANDARD = "gnu++0x";
				CLANG_CXX_LIBRARY = "libc++";
				CLANG_ENABLE_MODULES = YES;
				CLANG_ENABLE_OBJC_ARC = YES;
				CLANG_WARN_BOOL_CONVERSION = YES;
				CLANG_WARN_CONSTANT_CONVERSION = YES;
				CLANG_WARN_DIRECT_OBJC_ISA_USAGE = YES_ERROR;
				CLANG_WARN_EMPTY_BODY = YES;
				CLANG_WARN_ENUM_CONVERSION = YES;
				CLANG_WARN_INT_CONVERSION = YES;
				CLANG_WARN_OBJC_ROOT_CLASS = YES_ERROR;
				CLANG_WARN_UNREACHABLE_CODE = YES;
				CLANG_WARN__DUPLICATE_METHOD_MATCH = YES;
				"CODE_SIGN_IDENTITY[sdk=iphoneos*]" = "iPhone Developer";
				COPY_PHASE_STRIP = NO;
				DEBUG_INFORMATION_FORMAT = "dwarf-with-dsym";
				ENABLE_NS_ASSERTIONS = NO;
				ENABLE_STRICT_OBJC_MSGSEND = YES;
				GCC_C_LANGUAGE_STANDARD = gnu99;
				GCC_NO_COMMON_BLOCKS = YES;
				GCC_WARN_64_TO_32_BIT_CONVERSION = YES;
				GCC_WARN_ABOUT_RETURN_TYPE = YES_ERROR;
				GCC_WARN_UNDECLARED_SELECTOR = YES;
				GCC_WARN_UNINITIALIZED_AUTOS = YES_AGGRESSIVE;
				GCC_WARN_UNUSED_FUNCTION = YES;
				GCC_WARN_UNUSED_VARIABLE = YES;
				IPHONEOS_DEPLOYMENT_TARGET = 9.3;
				MTL_ENABLE_DEBUG_INFO = NO;
				SDKROOT = iphoneos;
				VALIDATE_PRODUCT = YES;
			};
			name = Release;
		};
		4F01A19C1CF2EE7B004A7AAA /* Debug */ = {
			isa = XCBuildConfiguration;
			buildSettings = {
				HEADER_SEARCH_PATHS = (
					"$(SRCROOT)/../node_modules/react-native/React/**",
					"$(SRCROOT)/../../react-native/React/**",
				);
				OTHER_LDFLAGS = "-ObjC";
				PRODUCT_NAME = "$(TARGET_NAME)";
				SKIP_INSTALL = YES;
			};
			name = Debug;
		};
		4F01A19D1CF2EE7B004A7AAA /* Release */ = {
			isa = XCBuildConfiguration;
			buildSettings = {
				HEADER_SEARCH_PATHS = (
					"$(SRCROOT)/../node_modules/react-native/React/**",
					"$(SRCROOT)/../../react-native/React/**",
				);
				OTHER_LDFLAGS = "-ObjC";
				PRODUCT_NAME = "$(TARGET_NAME)";
				SKIP_INSTALL = YES;
			};
			name = Release;
		};
/* End XCBuildConfiguration section */

/* Begin XCConfigurationList section */
		4F01A18D1CF2EE7B004A7AAA /* Build configuration list for PBXProject "RCTFXBlurView" */ = {
			isa = XCConfigurationList;
			buildConfigurations = (
				4F01A1991CF2EE7B004A7AAA /* Debug */,
				4F01A19A1CF2EE7B004A7AAA /* Release */,
			);
			defaultConfigurationIsVisible = 0;
			defaultConfigurationName = Release;
		};
		4F01A19B1CF2EE7B004A7AAA /* Build configuration list for PBXNativeTarget "RCTFXBlurView" */ = {
			isa = XCConfigurationList;
			buildConfigurations = (
				4F01A19C1CF2EE7B004A7AAA /* Debug */,
				4F01A19D1CF2EE7B004A7AAA /* Release */,
			);
			defaultConfigurationIsVisible = 0;
			defaultConfigurationName = Release;
		};
/* End XCConfigurationList section */
	};
	rootObject = 4F01A18A1CF2EE7B004A7AAA /* Project object */;
}
